github.com/artyom/spinner v0.0.1 h1:6emwyh0zPLcH76xxeOUCeN7kUgpPzDOyenTcaqvX0B8=
github.com/artyom/spinner v0.0.1/go.mod h1:P2pCBLs/pUEKtKT9Rw40kaNeNkdZca7XLMP2HlcAgHA=
github.com/spf13/pflag v1.0.5 h1:iy+VFUOCP1a+8yFto/drg2CJ5u0yRoB7fZw3DKv/JXA=
github.com/spf13/pflag v1.0.5/go.mod h1:McXfInJRrz4CZXVZOBLb0bTZqETkiAhM9Iw0y3An2Bg=
golang.org/x/sys v0.0.0-20191026070338-33540a1f6037 h1:YyJpGZS1sBuBCzLAR1VEpK193GlqGZbnPFnPV/5Rsb4=
golang.org/x/sys v0.0.0-20191026070338-33540a1f6037/go.mod h1:h1NjWce9XRLGQEsW7wpKNCjG9DtNlClVuFLEZdDNbEs=
golang.org/x/term v0.0.0-20191110171634-ad39bd3f0407 h1:5zh5atpUEdIc478E/ebrIaHLKcfVvG6dL/fGv7BcMoM=
golang.org/x/term v0.0.0-20191110171634-ad39bd3f0407/go.mod h1:Nr5EML6q2oocZ2LXRh80K7BxOlk5/8JxuGnuhpl+muw=
